// !$*UTF8*$!
{
	archiveVersion = 1;
	classes = {
	};
	objectVersion = 50;
	objects = {

/* Begin PBXBuildFile section */
		CE51CA0628926BF200A64575 /* AppDelegate.swift in Sources */ = {isa = PBXBuildFile; fileRef = CE51CA0528926BF200A64575 /* AppDelegate.swift */; };
		CE51CA0828926BF200A64575 /* SceneDelegate.swift in Sources */ = {isa = PBXBuildFile; fileRef = CE51CA0728926BF200A64575 /* SceneDelegate.swift */; };
		CE51CA0A28926BF200A64575 /* RegionSearchViewController.swift in Sources */ = {isa = PBXBuildFile; fileRef = CE51CA0928926BF200A64575 /* RegionSearchViewController.swift */; };
		CE51CA0D28926BF200A64575 /* Main.storyboard in Resources */ = {isa = PBXBuildFile; fileRef = CE51CA0B28926BF200A64575 /* Main.storyboard */; };
		CE51CA0F28926BF300A64575 /* Assets.xcassets in Resources */ = {isa = PBXBuildFile; fileRef = CE51CA0E28926BF300A64575 /* Assets.xcassets */; };
		CE51CA1228926BF300A64575 /* LaunchScreen.storyboard in Resources */ = {isa = PBXBuildFile; fileRef = CE51CA1028926BF300A64575 /* LaunchScreen.storyboard */; };
		CE5A8474297FC91A00B9659D /* UnsortedRegions.swift in Sources */ = {isa = PBXBuildFile; fileRef = CE5A8473297FC91A00B9659D /* UnsortedRegions.swift */; };
/* End PBXBuildFile section */

/* Begin PBXFileReference section */
		CE51CA0228926BF200A64575 /* RegionSearch.app */ = {isa = PBXFileReference; explicitFileType = wrapper.application; includeInIndex = 0; path = RegionSearch.app; sourceTree = BUILT_PRODUCTS_DIR; };
		CE51CA0528926BF200A64575 /* AppDelegate.swift */ = {isa = PBXFileReference; lastKnownFileType = sourcecode.swift; path = AppDelegate.swift; sourceTree = "<group>"; };
		CE51CA0728926BF200A64575 /* SceneDelegate.swift */ = {isa = PBXFileReference; lastKnownFileType = sourcecode.swift; path = SceneDelegate.swift; sourceTree = "<group>"; };
		CE51CA0928926BF200A64575 /* RegionSearchViewController.swift */ = {isa = PBXFileReference; lastKnownFileType = sourcecode.swift; path = RegionSearchViewController.swift; sourceTree = "<group>"; };
		CE51CA0C28926BF200A64575 /* Base */ = {isa = PBXFileReference; lastKnownFileType = file.storyboard; name = Base; path = Base.lproj/Main.storyboard; sourceTree = "<group>"; };
		CE51CA0E28926BF300A64575 /* Assets.xcassets */ = {isa = PBXFileReference; lastKnownFileType = folder.assetcatalog; path = Assets.xcassets; sourceTree = "<group>"; };
		CE51CA1128926BF300A64575 /* Base */ = {isa = PBXFileReference; lastKnownFileType = file.storyboard; name = Base; path = Base.lproj/LaunchScreen.storyboard; sourceTree = "<group>"; };
		CE51CA1328926BF300A64575 /* Info.plist */ = {isa = PBXFileReference; lastKnownFileType = text.plist.xml; path = Info.plist; sourceTree = "<group>"; };
		CE5A8473297FC91A00B9659D /* UnsortedRegions.swift */ = {isa = PBXFileReference; lastKnownFileType = sourcecode.swift; path = UnsortedRegions.swift; sourceTree = "<group>"; };
/* End PBXFileReference section */

/* Begin PBXFrameworksBuildPhase section */
		CE51C9FF28926BF200A64575 /* Frameworks */ = {
			isa = PBXFrameworksBuildPhase;
			buildActionMask = 2147483647;
			files = (
			);
			runOnlyForDeploymentPostprocessing = 0;
		};
/* End PBXFrameworksBuildPhase section */

/* Begin PBXGroup section */
		CE51C9F928926BF200A64575 = {
			isa = PBXGroup;
			children = (
				CE51CA0428926BF200A64575 /* RegionSearch */,
				CE51CA0328926BF200A64575 /* Products */,
			);
			sourceTree = "<group>";
		};
		CE51CA0328926BF200A64575 /* Products */ = {
			isa = PBXGroup;
			children = (
				CE51CA0228926BF200A64575 /* RegionSearch.app */,
			);
			name = Products;
			sourceTree = "<group>";
		};
		CE51CA0428926BF200A64575 /* RegionSearch */ = {
			isa = PBXGroup;
			children = (
				CE51CA0528926BF200A64575 /* AppDelegate.swift */,
				CE51CA0728926BF200A64575 /* SceneDelegate.swift */,
				CE51CA0928926BF200A64575 /* RegionSearchViewController.swift */,
				CE51CA0B28926BF200A64575 /* Main.storyboard */,
				CE51CA0E28926BF300A64575 /* Assets.xcassets */,
				CE51CA1028926BF300A64575 /* LaunchScreen.storyboard */,
				CE51CA1328926BF300A64575 /* Info.plist */,
				CE5A8473297FC91A00B9659D /* UnsortedRegions.swift */,
			);
			path = RegionSearch;
			sourceTree = "<group>";
		};
/* End PBXGroup section */

/* Begin PBXNativeTarget section */
		CE51CA0128926BF200A64575 /* RegionSearch */ = {
			isa = PBXNativeTarget;
			buildConfigurationList = CE51CA1628926BF300A64575 /* Build configuration list for PBXNativeTarget "RegionSearch" */;
			buildPhases = (
				CE51C9FE28926BF200A64575 /* Sources */,
				CE51C9FF28926BF200A64575 /* Frameworks */,
				CE51CA0028926BF200A64575 /* Resources */,
			);
			buildRules = (
			);
			dependencies = (
			);
			name = RegionSearch;
			productName = RegionSearch;
			productReference = CE51CA0228926BF200A64575 /* RegionSearch.app */;
			productType = "com.apple.product-type.application";
		};
/* End PBXNativeTarget section */

/* Begin PBXProject section */
		CE51C9FA28926BF200A64575 /* Project object */ = {
			isa = PBXProject;
			attributes = {
				LastSwiftUpdateCheck = 1230;
				LastUpgradeCheck = 1230;
				TargetAttributes = {
					CE51CA0128926BF200A64575 = {
						CreatedOnToolsVersion = 12.3;
					};
				};
			};
			buildConfigurationList = CE51C9FD28926BF200A64575 /* Build configuration list for PBXProject "RegionSearch" */;
			compatibilityVersion = "Xcode 9.3";
			developmentRegion = en;
			hasScannedForEncodings = 0;
			knownRegions = (
				en,
				Base,
			);
			mainGroup = CE51C9F928926BF200A64575;
			productRefGroup = CE51CA0328926BF200A64575 /* Products */;
			projectDirPath = "";
			projectRoot = "";
			targets = (
				CE51CA0128926BF200A64575 /* RegionSearch */,
			);
		};
/* End PBXProject section */

/* Begin PBXResourcesBuildPhase section */
		CE51CA0028926BF200A64575 /* Resources */ = {
			isa = PBXResourcesBuildPhase;
			buildActionMask = 2147483647;
			files = (
				CE51CA1228926BF300A64575 /* LaunchScreen.storyboard in Resources */,
				CE51CA0F28926BF300A64575 /* Assets.xcassets in Resources */,
				CE51CA0D28926BF200A64575 /* Main.storyboard in Resources */,
			);
			runOnlyForDeploymentPostprocessing = 0;
		};
/* End PBXResourcesBuildPhase section */

/* Begin PBXSourcesBuildPhase section */
		CE51C9FE28926BF200A64575 /* Sources */ = {
			isa = PBXSourcesBuildPhase;
			buildActionMask = 2147483647;
			files = (
				CE51CA0A28926BF200A64575 /* RegionSearchViewController.swift in Sources */,
				CE51CA0628926BF200A64575 /* AppDelegate.swift in Sources */,
				CE51CA0828926BF200A64575 /* SceneDelegate.swift in Sources */,
				CE5A8474297FC91A00B9659D /* UnsortedRegions.swift in Sources */,
			);
			runOnlyForDeploymentPostprocessing = 0;
		};
/* End PBXSourcesBuildPhase section */

/* Begin PBXVariantGroup section */
		CE51CA0B28926BF200A64575 /* Main.storyboard */ = {
			isa = PBXVariantGroup;
			children = (
				CE51CA0C28926BF200A64575 /* Base */,
			);
			name = Main.storyboard;
			sourceTree = "<group>";
		};
		CE51CA1028926BF300A64575 /* LaunchScreen.storyboard */ = {
			isa = PBXVariantGroup;
			children = (
				CE51CA1128926BF300A64575 /* Base */,
			);
			name = LaunchScreen.storyboard;
			sourceTree = "<group>";
		};
/* End PBXVariantGroup section */

/* Begin XCBuildConfiguration section */
		CE51CA1428926BF300A64575 /* Debug */ = {
			isa = XCBuildConfiguration;
			buildSettings = {
				ALWAYS_SEARCH_USER_PATHS = NO;
				CLANG_ANALYZER_NONNULL = YES;
				CLANG_ANALYZER_NUMBER_OBJECT_CONVERSION = YES_AGGRESSIVE;
				CLANG_CXX_LANGUAGE_STANDARD = "gnu++14";
				CLANG_CXX_LIBRARY = "libc++";
				CLANG_ENABLE_MODULES = YES;
				CLANG_ENABLE_OBJC_ARC = YES;
				CLANG_ENABLE_OBJC_WEAK = YES;
				CLANG_WARN_BLOCK_CAPTURE_AUTORELEASING = YES;
				CLANG_WARN_BOOL_CONVERSION = YES;
				CLANG_WARN_COMMA = YES;
				CLANG_WARN_CONSTANT_CONVERSION = YES;
				CLANG_WARN_DEPRECATED_OBJC_IMPLEMENTATIONS = YES;
				CLANG_WARN_DIRECT_OBJC_ISA_USAGE = YES_ERROR;
				CLANG_WARN_DOCUMENTATION_COMMENTS = YES;
				CLANG_WARN_EMPTY_BODY = YES;
				CLANG_WARN_ENUM_CONVERSION = YES;
				CLANG_WARN_INFINITE_RECURSION = YES;
				CLANG_WARN_INT_CONVERSION = YES;
				CLANG_WARN_NON_LITERAL_NULL_CONVERSION = YES;
				CLANG_WARN_OBJC_IMPLICIT_RETAIN_SELF = YES;
				CLANG_WARN_OBJC_LITERAL_CONVERSION = YES;
				CLANG_WARN_OBJC_ROOT_CLASS = YES_ERROR;
				CLANG_WARN_QUOTED_INCLUDE_IN_FRAMEWORK_HEADER = YES;
				CLANG_WARN_RANGE_LOOP_ANALYSIS = YES;
				CLANG_WARN_STRICT_PROTOTYPES = YES;
				CLANG_WARN_SUSPICIOUS_MOVE = YES;
				CLANG_WARN_UNGUARDED_AVAILABILITY = YES_AGGRESSIVE;
				CLANG_WARN_UNREACHABLE_CODE = YES;
				CLANG_WARN__DUPLICATE_METHOD_MATCH = YES;
				COPY_PHASE_STRIP = NO;
				DEBUG_INFORMATION_FORMAT = dwarf;
				ENABLE_STRICT_OBJC_MSGSEND = YES;
				ENABLE_TESTABILITY = YES;
				GCC_C_LANGUAGE_STANDARD = gnu11;
				GCC_DYNAMIC_NO_PIC = NO;
				GCC_NO_COMMON_BLOCKS = YES;
				GCC_OPTIMIZATION_LEVEL = 0;
				GCC_PREPROCESSOR_DEFINITIONS = (
					"DEBUG=1",
					"$(inherited)",
				);
				GCC_WARN_64_TO_32_BIT_CONVERSION = YES;
				GCC_WARN_ABOUT_RETURN_TYPE = YES_ERROR;
				GCC_WARN_UNDECLARED_SELECTOR = YES;
				GCC_WARN_UNINITIALIZED_AUTOS = YES_AGGRESSIVE;
				GCC_WARN_UNUSED_FUNCTION = YES;
				GCC_WARN_UNUSED_VARIABLE = YES;
				IPHONEOS_DEPLOYMENT_TARGET = 13.0;
				MTL_ENABLE_DEBUG_INFO = INCLUDE_SOURCE;
				MTL_FAST_MATH = YES;
				ONLY_ACTIVE_ARCH = YES;
				SDKROOT = iphoneos;
				SWIFT_ACTIVE_COMPILATION_CONDITIONS = DEBUG;
				SWIFT_OPTIMIZATION_LEVEL = "-Onone";
			};
			name = Debug;
		};
		CE51CA1528926BF300A64575 /* Release */ = {
			isa = XCBuildConfiguration;
			buildSettings = {
				ALWAYS_SEARCH_USER_PATHS = NO;
				CLANG_ANALYZER_NONNULL = YES;
				CLANG_ANALYZER_NUMBER_OBJECT_CONVERSION = YES_AGGRESSIVE;
				CLANG_CXX_LANGUAGE_STANDARD = "gnu++14";
				CLANG_CXX_LIBRARY = "libc++";
				CLANG_ENABLE_MODULES = YES;
				CLANG_ENABLE_OBJC_ARC = YES;
				CLANG_ENABLE_OBJC_WEAK = YES;
				CLANG_WARN_BLOCK_CAPTURE_AUTORELEASING = YES;
				CLANG_WARN_BOOL_CONVERSION = YES;
				CLANG_WARN_COMMA = YES;
				CLANG_WARN_CONSTANT_CONVERSION = YES;
				CLANG_WARN_DEPRECATED_OBJC_IMPLEMENTATIONS = YES;
				CLANG_WARN_DIRECT_OBJC_ISA_USAGE = YES_ERROR;
				CLANG_WARN_DOCUMENTATION_COMMENTS = YES;
				CLANG_WARN_EMPTY_BODY = YES;
				CLANG_WARN_ENUM_CONVERSION = YES;
				CLANG_WARN_INFINITE_RECURSION = YES;
				CLANG_WARN_INT_CONVERSION = YES;
				CLANG_WARN_NON_LITERAL_NULL_CONVERSION = YES;
				CLANG_WARN_OBJC_IMPLICIT_RETAIN_SELF = YES;
				CLANG_WARN_OBJC_LITERAL_CONVERSION = YES;
				CLANG_WARN_OBJC_ROOT_CLASS = YES_ERROR;
				CLANG_WARN_QUOTED_INCLUDE_IN_FRAMEWORK_HEADER = YES;
				CLANG_WARN_RANGE_LOOP_ANALYSIS = YES;
				CLANG_WARN_STRICT_PROTOTYPES = YES;
				CLANG_WARN_SUSPICIOUS_MOVE = YES;
				CLANG_WARN_UNGUARDED_AVAILABILITY = YES_AGGRESSIVE;
				CLANG_WARN_UNREACHABLE_CODE = YES;
				CLANG_WARN__DUPLICATE_METHOD_MATCH = YES;
				COPY_PHASE_STRIP = NO;
				DEBUG_INFORMATION_FORMAT = "dwarf-with-dsym";
				ENABLE_NS_ASSERTIONS = NO;
				ENABLE_STRICT_OBJC_MSGSEND = YES;
				GCC_C_LANGUAGE_STANDARD = gnu11;
				GCC_NO_COMMON_BLOCKS = YES;
				GCC_WARN_64_TO_32_BIT_CONVERSION = YES;
				GCC_WARN_ABOUT_RETURN_TYPE = YES_ERROR;
				GCC_WARN_UNDECLARED_SELECTOR = YES;
				GCC_WARN_UNINITIALIZED_AUTOS = YES_AGGRESSIVE;
				GCC_WARN_UNUSED_FUNCTION = YES;
				GCC_WARN_UNUSED_VARIABLE = YES;
				IPHONEOS_DEPLOYMENT_TARGET = 13.0;
				MTL_ENABLE_DEBUG_INFO = NO;
				MTL_FAST_MATH = YES;
				SDKROOT = iphoneos;
				SWIFT_COMPILATION_MODE = wholemodule;
				SWIFT_OPTIMIZATION_LEVEL = "-O";
				VALIDATE_PRODUCT = YES;
			};
			name = Release;
		};
		CE51CA1728926BF300A64575 /* Debug */ = {
			isa = XCBuildConfiguration;
			buildSettings = {
				ASSETCATALOG_COMPILER_APPICON_NAME = AppIcon;
				ASSETCATALOG_COMPILER_GLOBAL_ACCENT_COLOR_NAME = AccentColor;
				CODE_SIGN_STYLE = Automatic;
				INFOPLIST_FILE = RegionSearch/Info.plist;
				LD_RUNPATH_SEARCH_PATHS = (
					"$(inherited)",
					"@executable_path/Frameworks",
				);
				PRODUCT_BUNDLE_IDENTIFIER = com.kitti.RegionSearch;
				PRODUCT_NAME = "$(TARGET_NAME)";
				SWIFT_VERSION = 5.0;
				TARGETED_DEVICE_FAMILY = "1,2";
			};
			name = Debug;
		};
		CE51CA1828926BF300A64575 /* Release */ = {
			isa = XCBuildConfiguration;
			buildSettings = {
				ASSETCATALOG_COMPILER_APPICON_NAME = AppIcon;
				ASSETCATALOG_COMPILER_GLOBAL_ACCENT_COLOR_NAME = AccentColor;
				CODE_SIGN_STYLE = Automatic;
				INFOPLIST_FILE = RegionSearch/Info.plist;
				LD_RUNPATH_SEARCH_PATHS = (
					"$(inherited)",
					"@executable_path/Frameworks",
				);
				PRODUCT_BUNDLE_IDENTIFIER = com.kitti.RegionSearch;
				PRODUCT_NAME = "$(TARGET_NAME)";
				SWIFT_VERSION = 5.0;
				TARGETED_DEVICE_FAMILY = "1,2";
			};
			name = Release;
		};
/* End XCBuildConfiguration section */

/* Begin XCConfigurationList section */
		CE51C9FD28926BF200A64575 /* Build configuration list for PBXProject "RegionSearch" */ = {
			isa = XCConfigurationList;
			buildConfigurations = (
				CE51CA1428926BF300A64575 /* Debug */,
				CE51CA1528926BF300A64575 /* Release */,
			);
			defaultConfigurationIsVisible = 0;
			defaultConfigurationName = Release;
		};
		CE51CA1628926BF300A64575 /* Build configuration list for PBXNativeTarget "RegionSearch" */ = {
			isa = XCConfigurationList;
			buildConfigurations = (
				CE51CA1728926BF300A64575 /* Debug */,
				CE51CA1828926BF300A64575 /* Release */,
			);
			defaultConfigurationIsVisible = 0;
			defaultConfigurationName = Release;
		};
/* End XCConfigurationList section */
	};
	rootObject = CE51C9FA28926BF200A64575 /* Project object */;
}
